
Microsoft Visual Studio Solution File, Format Version 12.00
# Visual Studio Version 16
VisualStudioVersion = 16.0.30611.23
MinimumVisualStudioVersion = 10.0.40219.1
Project("{FAE04EC0-301F-11D3-BF4B-00C04F79EFBC}") = "Step_451", "Step_451\Step_451.csproj", "{F9952E08-805D-42D0-8AF9-856399F9CE11}"
EndProject
Global
	GlobalSection(SolutionConfigurationPlatforms) = preSolution
		Debug|Any CPU = Debug|Any CPU
		Release|Any CPU = Release|Any CPU
	EndGlobalSection
	GlobalSection(ProjectConfigurationPlatforms) = postSolution
		{F9952E08-805D-42D0-8AF9-856399F9CE11}.Debug|Any CPU.ActiveCfg = Debug|Any CPU
		{F9952E08-805D-42D0-8AF9-856399F9CE11}.Debug|Any CPU.Build.0 = Debug|Any CPU
		{F9952E08-805D-42D0-8AF9-856399F9CE11}.Release|Any CPU.ActiveCfg = Release|Any CPU
		{F9952E08-805D-42D0-8AF9-856399F9CE11}.Release|Any CPU.Build.0 = Release|Any CPU
	EndGlobalSection
	GlobalSection(SolutionProperties) = preSolution
		HideSolutionNode = FALSE
	EndGlobalSection
	GlobalSection(ExtensibilityGlobals) = postSolution
		SolutionGuid = {E37415AD-F5DE-4859-A3E4-72D90CA22A6A}
	EndGlobalSection
EndGlobal
